
Microsoft Visual Studio Solution File, Format Version 12.00
# Visual Studio Version 16
VisualStudioVersion = 16.0.30114.105
MinimumVisualStudioVersion = 10.0.40219.1
Project("{FAE04EC0-301F-11D3-BF4B-00C04F79EFBC}") = "December1", "December1\FirstPuzzle\FirstPuzzle.csproj", "{BC420680-ECE9-4EB1-96CB-1B3C78B64678}"
EndProject
Project("{2150E333-8FDC-42A3-9474-1A3956D46DE8}") = "December1", "December1", "{05BF4532-8393-4FDA-AE43-DB9504305E46}"
EndProject
Project("{FAE04EC0-301F-11D3-BF4B-00C04F79EFBC}") = "SecondPuzzle", "December1\SecondPuzzle\SecondPuzzle.csproj", "{4F51B5DF-310A-4885-A9E4-85F619EBAF51}"
EndProject
Project("{2150E333-8FDC-42A3-9474-1A3956D46DE8}") = "December2", "December2", "{C47DB80F-055D-4088-ABED-D37DDBCFE77A}"
EndProject
Project("{FAE04EC0-301F-11D3-BF4B-00C04F79EFBC}") = "FirstPuzzle", "December2\FirstPuzzle\FirstPuzzle.csproj", "{1CF50168-556B-4B40-AA70-7770759932B6}"
EndProject
Project("{FAE04EC0-301F-11D3-BF4B-00C04F79EFBC}") = "SecondPuzzle", "December2\SecondPuzzle\SecondPuzzle.csproj", "{22D39BD9-9F66-4A19-B25A-B55506599226}"
EndProject
Project("{2150E333-8FDC-42A3-9474-1A3956D46DE8}") = "December3", "December3", "{E7A6AB8A-16A5-4B42-ABE1-0E990B26FB7E}"
EndProject
Project("{FAE04EC0-301F-11D3-BF4B-00C04F79EFBC}") = "FirstPuzzle", "December3\FirstPuzzle\FirstPuzzle.csproj", "{4AF8483B-1C01-425A-848B-821FF7C9C10E}"
EndProject
Project("{FAE04EC0-301F-11D3-BF4B-00C04F79EFBC}") = "SecondPuzzle", "December3\SecondPuzzle\SecondPuzzle.csproj", "{ABE77851-2555-40B8-8131-4E80860572FD}"
EndProject
Project("{2150E333-8FDC-42A3-9474-1A3956D46DE8}") = "December4", "December4", "{364014EA-2C15-41A9-B910-DF46A774D3C4}"
EndProject
Project("{FAE04EC0-301F-11D3-BF4B-00C04F79EFBC}") = "FirstPuzzle", "December4\FirstPuzzle\FirstPuzzle.csproj", "{B15C4949-DB56-4086-A8FB-6936AC683CE8}"
EndProject
Project("{FAE04EC0-301F-11D3-BF4B-00C04F79EFBC}") = "SecondPuzzle", "December4\SecondPuzzle\SecondPuzzle.csproj", "{E275DCE9-0BFB-4E30-A075-0E7968532632}"
EndProject
Project("{2150E333-8FDC-42A3-9474-1A3956D46DE8}") = "December5", "December5", "{59BB1202-81EF-4AAD-8016-24B3F2321D45}"
EndProject
Project("{FAE04EC0-301F-11D3-BF4B-00C04F79EFBC}") = "FirstPuzzle", "December5\FirstPuzzle\FirstPuzzle.csproj", "{6469E0B6-F782-483F-A618-34BA1E6E823C}"
EndProject
Project("{FAE04EC0-301F-11D3-BF4B-00C04F79EFBC}") = "SecondPuzzle", "December5\SecondPuzzle\SecondPuzzle.csproj", "{505B330A-A6EC-41CA-AD83-D4B6FF780ED1}"
EndProject
Project("{2150E333-8FDC-42A3-9474-1A3956D46DE8}") = "December6", "December6", "{4F688414-7842-4BB1-B209-913724FFE93A}"
EndProject
Project("{FAE04EC0-301F-11D3-BF4B-00C04F79EFBC}") = "FirstPuzzle", "December6\FirstPuzzle\FirstPuzzle.csproj", "{3BFB3B03-DD12-48AC-A8F8-1664796BCDDC}"
EndProject
Project("{FAE04EC0-301F-11D3-BF4B-00C04F79EFBC}") = "SecondPuzzle", "December6\SecondPuzzle\SecondPuzzle.csproj", "{ED7291AC-0C73-499A-A110-2F309B39C4BF}"
EndProject
Project("{2150E333-8FDC-42A3-9474-1A3956D46DE8}") = "December7", "December7", "{ABFB1CCD-58AC-4A20-8FC8-E7F66F48120C}"
EndProject
Project("{FAE04EC0-301F-11D3-BF4B-00C04F79EFBC}") = "FirstPuzzle", "December7\FirstPuzzle\FirstPuzzle.csproj", "{39C3EAC9-2D64-4DBD-AC1A-35C92712D10B}"
EndProject
Project("{2150E333-8FDC-42A3-9474-1A3956D46DE8}") = "December8", "December8", "{9155F9CE-E9E5-4981-A360-2F076A24B18E}"
EndProject
Project("{FAE04EC0-301F-11D3-BF4B-00C04F79EFBC}") = "FirstPuzzle", "December8\FirstPuzzle\FirstPuzzle.csproj", "{28AD2656-99E4-4941-80E5-942AF7A7C756}"
EndProject
Project("{FAE04EC0-301F-11D3-BF4B-00C04F79EFBC}") = "SecondPuzzle", "December8\SecondPuzzle\SecondPuzzle.csproj", "{8927E2FB-1204-4D37-964E-F862E9652735}"
EndProject
Project("{2150E333-8FDC-42A3-9474-1A3956D46DE8}") = "December9", "December9", "{30903C5D-83E4-4F7E-B928-9A0D26B90AD8}"
EndProject
Project("{FAE04EC0-301F-11D3-BF4B-00C04F79EFBC}") = "FirstPuzzle", "December9\FirstPuzzle\FirstPuzzle.csproj", "{1CC54458-99FE-481E-8075-4B64841B11F6}"
EndProject
Project("{FAE04EC0-301F-11D3-BF4B-00C04F79EFBC}") = "SecondPuzzle", "December9\SecondPuzzle\SecondPuzzle.csproj", "{3C890F9B-080E-4A79-87D2-45FAE353861E}"
EndProject
Project("{2150E333-8FDC-42A3-9474-1A3956D46DE8}") = "December10", "December10", "{CBD11433-F704-41E2-BF57-83EB8768EEC9}"
EndProject
Project("{FAE04EC0-301F-11D3-BF4B-00C04F79EFBC}") = "FirstPuzzle", "December10\FirstPuzzle\FirstPuzzle.csproj", "{16D1AC28-C2AF-4616-B7A8-7FDB7FF34770}"
EndProject
Project("{2150E333-8FDC-42A3-9474-1A3956D46DE8}") = "December11", "December11", "{9EBE330E-9CF9-4C2F-9890-AA0DF6BB90AD}"
EndProject
Project("{FAE04EC0-301F-11D3-BF4B-00C04F79EFBC}") = "FirstPuzzle", "December11\FirstPuzzle\FirstPuzzle.csproj", "{2D8FE025-A1A4-46AE-82B8-4496C4AE5AD0}"
EndProject
Project("{2150E333-8FDC-42A3-9474-1A3956D46DE8}") = "December12", "December12", "{9C880E58-1D56-44BE-A1F8-14A775FD7251}"
EndProject
Project("{FAE04EC0-301F-11D3-BF4B-00C04F79EFBC}") = "FirstPuzzle", "December12\FirstPuzzle\FirstPuzzle.csproj", "{6D2CC54F-F2F0-44DB-B39A-917D428908B7}"
EndProject
Project("{2150E333-8FDC-42A3-9474-1A3956D46DE8}") = "December14", "December14", "{591A98A1-6FA1-4FF0-AB8E-AE7CEB14854A}"
EndProject
Project("{FAE04EC0-301F-11D3-BF4B-00C04F79EFBC}") = "FirstPuzzle", "December14\FirstPuzzle\FirstPuzzle.csproj", "{ED6AB5CD-215E-42E2-AC5F-5AEFCCBC21A1}"
EndProject
Project("{2150E333-8FDC-42A3-9474-1A3956D46DE8}") = "December15", "December15", "{54CBF5BE-B7B3-457B-95AD-5667C0A32241}"
EndProject
Project("{FAE04EC0-301F-11D3-BF4B-00C04F79EFBC}") = "FirstPuzzle", "December15\FirstPuzzle\FirstPuzzle.csproj", "{FD932A5A-6132-4689-A9A8-0DDACB5671E3}"
EndProject
Global
	GlobalSection(SolutionConfigurationPlatforms) = preSolution
		Debug|Any CPU = Debug|Any CPU
		Release|Any CPU = Release|Any CPU
	EndGlobalSection
	GlobalSection(SolutionProperties) = preSolution
		HideSolutionNode = FALSE
	EndGlobalSection
	GlobalSection(ProjectConfigurationPlatforms) = postSolution
		{BC420680-ECE9-4EB1-96CB-1B3C78B64678}.Debug|Any CPU.ActiveCfg = Debug|Any CPU
		{BC420680-ECE9-4EB1-96CB-1B3C78B64678}.Debug|Any CPU.Build.0 = Debug|Any CPU
		{BC420680-ECE9-4EB1-96CB-1B3C78B64678}.Release|Any CPU.ActiveCfg = Release|Any CPU
		{BC420680-ECE9-4EB1-96CB-1B3C78B64678}.Release|Any CPU.Build.0 = Release|Any CPU
		{4F51B5DF-310A-4885-A9E4-85F619EBAF51}.Debug|Any CPU.ActiveCfg = Debug|Any CPU
		{4F51B5DF-310A-4885-A9E4-85F619EBAF51}.Debug|Any CPU.Build.0 = Debug|Any CPU
		{4F51B5DF-310A-4885-A9E4-85F619EBAF51}.Release|Any CPU.ActiveCfg = Release|Any CPU
		{4F51B5DF-310A-4885-A9E4-85F619EBAF51}.Release|Any CPU.Build.0 = Release|Any CPU
		{1CF50168-556B-4B40-AA70-7770759932B6}.Debug|Any CPU.ActiveCfg = Debug|Any CPU
		{1CF50168-556B-4B40-AA70-7770759932B6}.Debug|Any CPU.Build.0 = Debug|Any CPU
		{1CF50168-556B-4B40-AA70-7770759932B6}.Release|Any CPU.ActiveCfg = Release|Any CPU
		{1CF50168-556B-4B40-AA70-7770759932B6}.Release|Any CPU.Build.0 = Release|Any CPU
		{22D39BD9-9F66-4A19-B25A-B55506599226}.Debug|Any CPU.ActiveCfg = Debug|Any CPU
		{22D39BD9-9F66-4A19-B25A-B55506599226}.Debug|Any CPU.Build.0 = Debug|Any CPU
		{22D39BD9-9F66-4A19-B25A-B55506599226}.Release|Any CPU.ActiveCfg = Release|Any CPU
		{22D39BD9-9F66-4A19-B25A-B55506599226}.Release|Any CPU.Build.0 = Release|Any CPU
		{4AF8483B-1C01-425A-848B-821FF7C9C10E}.Debug|Any CPU.ActiveCfg = Debug|Any CPU
		{4AF8483B-1C01-425A-848B-821FF7C9C10E}.Debug|Any CPU.Build.0 = Debug|Any CPU
		{4AF8483B-1C01-425A-848B-821FF7C9C10E}.Release|Any CPU.ActiveCfg = Release|Any CPU
		{4AF8483B-1C01-425A-848B-821FF7C9C10E}.Release|Any CPU.Build.0 = Release|Any CPU
		{ABE77851-2555-40B8-8131-4E80860572FD}.Debug|Any CPU.ActiveCfg = Debug|Any CPU
		{ABE77851-2555-40B8-8131-4E80860572FD}.Debug|Any CPU.Build.0 = Debug|Any CPU
		{ABE77851-2555-40B8-8131-4E80860572FD}.Release|Any CPU.ActiveCfg = Release|Any CPU
		{ABE77851-2555-40B8-8131-4E80860572FD}.Release|Any CPU.Build.0 = Release|Any CPU
		{B15C4949-DB56-4086-A8FB-6936AC683CE8}.Debug|Any CPU.ActiveCfg = Debug|Any CPU
		{B15C4949-DB56-4086-A8FB-6936AC683CE8}.Debug|Any CPU.Build.0 = Debug|Any CPU
		{B15C4949-DB56-4086-A8FB-6936AC683CE8}.Release|Any CPU.ActiveCfg = Release|Any CPU
		{B15C4949-DB56-4086-A8FB-6936AC683CE8}.Release|Any CPU.Build.0 = Release|Any CPU
		{E275DCE9-0BFB-4E30-A075-0E7968532632}.Debug|Any CPU.ActiveCfg = Debug|Any CPU
		{E275DCE9-0BFB-4E30-A075-0E7968532632}.Debug|Any CPU.Build.0 = Debug|Any CPU
		{E275DCE9-0BFB-4E30-A075-0E7968532632}.Release|Any CPU.ActiveCfg = Release|Any CPU
		{E275DCE9-0BFB-4E30-A075-0E7968532632}.Release|Any CPU.Build.0 = Release|Any CPU
		{6469E0B6-F782-483F-A618-34BA1E6E823C}.Debug|Any CPU.ActiveCfg = Debug|Any CPU
		{6469E0B6-F782-483F-A618-34BA1E6E823C}.Debug|Any CPU.Build.0 = Debug|Any CPU
		{6469E0B6-F782-483F-A618-34BA1E6E823C}.Release|Any CPU.ActiveCfg = Release|Any CPU
		{6469E0B6-F782-483F-A618-34BA1E6E823C}.Release|Any CPU.Build.0 = Release|Any CPU
		{505B330A-A6EC-41CA-AD83-D4B6FF780ED1}.Debug|Any CPU.ActiveCfg = Debug|Any CPU
		{505B330A-A6EC-41CA-AD83-D4B6FF780ED1}.Debug|Any CPU.Build.0 = Debug|Any CPU
		{505B330A-A6EC-41CA-AD83-D4B6FF780ED1}.Release|Any CPU.ActiveCfg = Release|Any CPU
		{505B330A-A6EC-41CA-AD83-D4B6FF780ED1}.Release|Any CPU.Build.0 = Release|Any CPU
		{3BFB3B03-DD12-48AC-A8F8-1664796BCDDC}.Debug|Any CPU.ActiveCfg = Debug|Any CPU
		{3BFB3B03-DD12-48AC-A8F8-1664796BCDDC}.Debug|Any CPU.Build.0 = Debug|Any CPU
		{3BFB3B03-DD12-48AC-A8F8-1664796BCDDC}.Release|Any CPU.ActiveCfg = Release|Any CPU
		{3BFB3B03-DD12-48AC-A8F8-1664796BCDDC}.Release|Any CPU.Build.0 = Release|Any CPU
		{ED7291AC-0C73-499A-A110-2F309B39C4BF}.Debug|Any CPU.ActiveCfg = Debug|Any CPU
		{ED7291AC-0C73-499A-A110-2F309B39C4BF}.Debug|Any CPU.Build.0 = Debug|Any CPU
		{ED7291AC-0C73-499A-A110-2F309B39C4BF}.Release|Any CPU.ActiveCfg = Release|Any CPU
		{ED7291AC-0C73-499A-A110-2F309B39C4BF}.Release|Any CPU.Build.0 = Release|Any CPU
		{39C3EAC9-2D64-4DBD-AC1A-35C92712D10B}.Debug|Any CPU.ActiveCfg = Debug|Any CPU
		{39C3EAC9-2D64-4DBD-AC1A-35C92712D10B}.Debug|Any CPU.Build.0 = Debug|Any CPU
		{39C3EAC9-2D64-4DBD-AC1A-35C92712D10B}.Release|Any CPU.ActiveCfg = Release|Any CPU
		{39C3EAC9-2D64-4DBD-AC1A-35C92712D10B}.Release|Any CPU.Build.0 = Release|Any CPU
		{28AD2656-99E4-4941-80E5-942AF7A7C756}.Debug|Any CPU.ActiveCfg = Debug|Any CPU
		{28AD2656-99E4-4941-80E5-942AF7A7C756}.Debug|Any CPU.Build.0 = Debug|Any CPU
		{28AD2656-99E4-4941-80E5-942AF7A7C756}.Release|Any CPU.ActiveCfg = Release|Any CPU
		{28AD2656-99E4-4941-80E5-942AF7A7C756}.Release|Any CPU.Build.0 = Release|Any CPU
		{8927E2FB-1204-4D37-964E-F862E9652735}.Debug|Any CPU.ActiveCfg = Debug|Any CPU
		{8927E2FB-1204-4D37-964E-F862E9652735}.Debug|Any CPU.Build.0 = Debug|Any CPU
		{8927E2FB-1204-4D37-964E-F862E9652735}.Release|Any CPU.ActiveCfg = Release|Any CPU
		{8927E2FB-1204-4D37-964E-F862E9652735}.Release|Any CPU.Build.0 = Release|Any CPU
		{1CC54458-99FE-481E-8075-4B64841B11F6}.Debug|Any CPU.ActiveCfg = Debug|Any CPU
		{1CC54458-99FE-481E-8075-4B64841B11F6}.Debug|Any CPU.Build.0 = Debug|Any CPU
		{1CC54458-99FE-481E-8075-4B64841B11F6}.Release|Any CPU.ActiveCfg = Release|Any CPU
		{1CC54458-99FE-481E-8075-4B64841B11F6}.Release|Any CPU.Build.0 = Release|Any CPU
		{3C890F9B-080E-4A79-87D2-45FAE353861E}.Debug|Any CPU.ActiveCfg = Debug|Any CPU
		{3C890F9B-080E-4A79-87D2-45FAE353861E}.Debug|Any CPU.Build.0 = Debug|Any CPU
		{3C890F9B-080E-4A79-87D2-45FAE353861E}.Release|Any CPU.ActiveCfg = Release|Any CPU
		{3C890F9B-080E-4A79-87D2-45FAE353861E}.Release|Any CPU.Build.0 = Release|Any CPU
		{16D1AC28-C2AF-4616-B7A8-7FDB7FF34770}.Debug|Any CPU.ActiveCfg = Debug|Any CPU
		{16D1AC28-C2AF-4616-B7A8-7FDB7FF34770}.Debug|Any CPU.Build.0 = Debug|Any CPU
		{16D1AC28-C2AF-4616-B7A8-7FDB7FF34770}.Release|Any CPU.ActiveCfg = Release|Any CPU
		{16D1AC28-C2AF-4616-B7A8-7FDB7FF34770}.Release|Any CPU.Build.0 = Release|Any CPU
		{2D8FE025-A1A4-46AE-82B8-4496C4AE5AD0}.Debug|Any CPU.ActiveCfg = Debug|Any CPU
		{2D8FE025-A1A4-46AE-82B8-4496C4AE5AD0}.Debug|Any CPU.Build.0 = Debug|Any CPU
		{2D8FE025-A1A4-46AE-82B8-4496C4AE5AD0}.Release|Any CPU.ActiveCfg = Release|Any CPU
		{2D8FE025-A1A4-46AE-82B8-4496C4AE5AD0}.Release|Any CPU.Build.0 = Release|Any CPU
		{6D2CC54F-F2F0-44DB-B39A-917D428908B7}.Debug|Any CPU.ActiveCfg = Debug|Any CPU
		{6D2CC54F-F2F0-44DB-B39A-917D428908B7}.Debug|Any CPU.Build.0 = Debug|Any CPU
		{6D2CC54F-F2F0-44DB-B39A-917D428908B7}.Release|Any CPU.ActiveCfg = Release|Any CPU
		{6D2CC54F-F2F0-44DB-B39A-917D428908B7}.Release|Any CPU.Build.0 = Release|Any CPU
		{ED6AB5CD-215E-42E2-AC5F-5AEFCCBC21A1}.Debug|Any CPU.ActiveCfg = Debug|Any CPU
		{ED6AB5CD-215E-42E2-AC5F-5AEFCCBC21A1}.Debug|Any CPU.Build.0 = Debug|Any CPU
		{ED6AB5CD-215E-42E2-AC5F-5AEFCCBC21A1}.Release|Any CPU.ActiveCfg = Release|Any CPU
		{ED6AB5CD-215E-42E2-AC5F-5AEFCCBC21A1}.Release|Any CPU.Build.0 = Release|Any CPU
		{FD932A5A-6132-4689-A9A8-0DDACB5671E3}.Debug|Any CPU.ActiveCfg = Debug|Any CPU
		{FD932A5A-6132-4689-A9A8-0DDACB5671E3}.Debug|Any CPU.Build.0 = Debug|Any CPU
		{FD932A5A-6132-4689-A9A8-0DDACB5671E3}.Release|Any CPU.ActiveCfg = Release|Any CPU
		{FD932A5A-6132-4689-A9A8-0DDACB5671E3}.Release|Any CPU.Build.0 = Release|Any CPU
	EndGlobalSection
	GlobalSection(NestedProjects) = preSolution
		{4F51B5DF-310A-4885-A9E4-85F619EBAF51} = {05BF4532-8393-4FDA-AE43-DB9504305E46}
		{1CF50168-556B-4B40-AA70-7770759932B6} = {C47DB80F-055D-4088-ABED-D37DDBCFE77A}
		{22D39BD9-9F66-4A19-B25A-B55506599226} = {C47DB80F-055D-4088-ABED-D37DDBCFE77A}
		{4AF8483B-1C01-425A-848B-821FF7C9C10E} = {E7A6AB8A-16A5-4B42-ABE1-0E990B26FB7E}
		{ABE77851-2555-40B8-8131-4E80860572FD} = {E7A6AB8A-16A5-4B42-ABE1-0E990B26FB7E}
		{B15C4949-DB56-4086-A8FB-6936AC683CE8} = {364014EA-2C15-41A9-B910-DF46A774D3C4}
		{E275DCE9-0BFB-4E30-A075-0E7968532632} = {364014EA-2C15-41A9-B910-DF46A774D3C4}
		{6469E0B6-F782-483F-A618-34BA1E6E823C} = {59BB1202-81EF-4AAD-8016-24B3F2321D45}
		{505B330A-A6EC-41CA-AD83-D4B6FF780ED1} = {59BB1202-81EF-4AAD-8016-24B3F2321D45}
		{3BFB3B03-DD12-48AC-A8F8-1664796BCDDC} = {4F688414-7842-4BB1-B209-913724FFE93A}
		{ED7291AC-0C73-499A-A110-2F309B39C4BF} = {4F688414-7842-4BB1-B209-913724FFE93A}
		{39C3EAC9-2D64-4DBD-AC1A-35C92712D10B} = {ABFB1CCD-58AC-4A20-8FC8-E7F66F48120C}
		{28AD2656-99E4-4941-80E5-942AF7A7C756} = {9155F9CE-E9E5-4981-A360-2F076A24B18E}
		{8927E2FB-1204-4D37-964E-F862E9652735} = {9155F9CE-E9E5-4981-A360-2F076A24B18E}
		{1CC54458-99FE-481E-8075-4B64841B11F6} = {30903C5D-83E4-4F7E-B928-9A0D26B90AD8}
		{3C890F9B-080E-4A79-87D2-45FAE353861E} = {30903C5D-83E4-4F7E-B928-9A0D26B90AD8}
		{16D1AC28-C2AF-4616-B7A8-7FDB7FF34770} = {CBD11433-F704-41E2-BF57-83EB8768EEC9}
		{2D8FE025-A1A4-46AE-82B8-4496C4AE5AD0} = {9EBE330E-9CF9-4C2F-9890-AA0DF6BB90AD}
		{6D2CC54F-F2F0-44DB-B39A-917D428908B7} = {9C880E58-1D56-44BE-A1F8-14A775FD7251}
		{ED6AB5CD-215E-42E2-AC5F-5AEFCCBC21A1} = {591A98A1-6FA1-4FF0-AB8E-AE7CEB14854A}
		{FD932A5A-6132-4689-A9A8-0DDACB5671E3} = {54CBF5BE-B7B3-457B-95AD-5667C0A32241}
	EndGlobalSection
EndGlobal
